
Microsoft Visual Studio Solution File, Format Version 12.00
# Visual Studio Version 17
VisualStudioVersion = 17.14.36202.13
MinimumVisualStudioVersion = 10.0.40219.1
Project("{FAE04EC0-301F-11D3-BF4B-00C04F79EFBC}") = "MVVM", "MVVM\MVVM.csproj", "{27CE314C-B924-4688-BD44-02B955A2A804}"
EndProject
Project("{FAE04EC0-301F-11D3-BF4B-00C04F79EFBC}") = "UserData", "UserData\UserData.csproj", "{01064D4E-24C8-4562-9B6B-B81DF84D1393}"
EndProject
Project("{FAE04EC0-301F-11D3-BF4B-00C04F79EFBC}") = "Command", "Command\Command.csproj", "{CDAF3327-624E-47AD-9033-1E6230C2A38E}"
EndProject
Project("{FAE04EC0-301F-11D3-BF4B-00C04F79EFBC}") = "ViewModel", "ViewModel\ViewModel.csproj", "{10B3BBCA-8E52-4151-997A-71B43E6F42CF}"
EndProject
Project("{FAE04EC0-301F-11D3-BF4B-00C04F79EFBC}") = "MainFrom", "MainFrom\MainFrom.csproj", "{739B9E18-9C3A-4A99-B7F6-65DDDDA459D0}"
EndProject
Project("{FAE04EC0-301F-11D3-BF4B-00C04F79EFBC}") = "TurnOnAnimation", "TurnOnAnimation\TurnOnAnimation.csproj", "{8824A5A5-9664-4294-8B0B-A8C6373EF9E5}"
EndProject
Project("{FAE04EC0-301F-11D3-BF4B-00C04F79EFBC}") = "AddICON", "AddICON\AddICON.csproj", "{387EEA59-E3B3-4C75-8443-073EE73B9783}"
EndProject
Project("{FAE04EC0-301F-11D3-BF4B-00C04F79EFBC}") = "TabItemDemo", "TabItemDemo\TabItemDemo.csproj", "{F9D4F65D-E8D5-4179-A144-EFA122E3A5FA}"
EndProject
Project("{FAE04EC0-301F-11D3-BF4B-00C04F79EFBC}") = "DemoAsync", "DemoAsync\DemoAsync.csproj", "{0F8C1123-2E48-4A06-B475-EEDD8CB4E101}"
EndProject
Project("{FAE04EC0-301F-11D3-BF4B-00C04F79EFBC}") = "DemoTask", "DemoTask\DemoTask.csproj", "{0A135F2E-EE0D-44B7-994C-E73EC2F8A398}"
EndProject
Project("{FAE04EC0-301F-11D3-BF4B-00C04F79EFBC}") = "ConsoleApp1", "ConsoleApp1\ConsoleApp1.csproj", "{8759D8A1-D22E-46A9-94B6-6C0F86A07B3A}"
EndProject
Project("{FAE04EC0-301F-11D3-BF4B-00C04F79EFBC}") = "MyApp", "MyApp\MyApp.csproj", "{21B54E22-D922-42A2-B4C0-D15BC6A7D46C}"
EndProject
Global
	GlobalSection(SolutionConfigurationPlatforms) = preSolution
		Debug|Any CPU = Debug|Any CPU
		Release|Any CPU = Release|Any CPU
	EndGlobalSection
	GlobalSection(ProjectConfigurationPlatforms) = postSolution
		{27CE314C-B924-4688-BD44-02B955A2A804}.Debug|Any CPU.ActiveCfg = Debug|Any CPU
		{27CE314C-B924-4688-BD44-02B955A2A804}.Debug|Any CPU.Build.0 = Debug|Any CPU
		{27CE314C-B924-4688-BD44-02B955A2A804}.Release|Any CPU.ActiveCfg = Release|Any CPU
		{27CE314C-B924-4688-BD44-02B955A2A804}.Release|Any CPU.Build.0 = Release|Any CPU
		{01064D4E-24C8-4562-9B6B-B81DF84D1393}.Debug|Any CPU.ActiveCfg = Debug|Any CPU
		{01064D4E-24C8-4562-9B6B-B81DF84D1393}.Debug|Any CPU.Build.0 = Debug|Any CPU
		{01064D4E-24C8-4562-9B6B-B81DF84D1393}.Release|Any CPU.ActiveCfg = Release|Any CPU
		{01064D4E-24C8-4562-9B6B-B81DF84D1393}.Release|Any CPU.Build.0 = Release|Any CPU
		{CDAF3327-624E-47AD-9033-1E6230C2A38E}.Debug|Any CPU.ActiveCfg = Debug|Any CPU
		{CDAF3327-624E-47AD-9033-1E6230C2A38E}.Debug|Any CPU.Build.0 = Debug|Any CPU
		{CDAF3327-624E-47AD-9033-1E6230C2A38E}.Release|Any CPU.ActiveCfg = Release|Any CPU
		{CDAF3327-624E-47AD-9033-1E6230C2A38E}.Release|Any CPU.Build.0 = Release|Any CPU
		{10B3BBCA-8E52-4151-997A-71B43E6F42CF}.Debug|Any CPU.ActiveCfg = Debug|Any CPU
		{10B3BBCA-8E52-4151-997A-71B43E6F42CF}.Debug|Any CPU.Build.0 = Debug|Any CPU
		{10B3BBCA-8E52-4151-997A-71B43E6F42CF}.Release|Any CPU.ActiveCfg = Release|Any CPU
		{10B3BBCA-8E52-4151-997A-71B43E6F42CF}.Release|Any CPU.Build.0 = Release|Any CPU
		{739B9E18-9C3A-4A99-B7F6-65DDDDA459D0}.Debug|Any CPU.ActiveCfg = Debug|Any CPU
		{739B9E18-9C3A-4A99-B7F6-65DDDDA459D0}.Debug|Any CPU.Build.0 = Debug|Any CPU
		{739B9E18-9C3A-4A99-B7F6-65DDDDA459D0}.Release|Any CPU.ActiveCfg = Release|Any CPU
		{739B9E18-9C3A-4A99-B7F6-65DDDDA459D0}.Release|Any CPU.Build.0 = Release|Any CPU
		{8824A5A5-9664-4294-8B0B-A8C6373EF9E5}.Debug|Any CPU.ActiveCfg = Debug|Any CPU
		{8824A5A5-9664-4294-8B0B-A8C6373EF9E5}.Debug|Any CPU.Build.0 = Debug|Any CPU
		{8824A5A5-9664-4294-8B0B-A8C6373EF9E5}.Release|Any CPU.ActiveCfg = Release|Any CPU
		{8824A5A5-9664-4294-8B0B-A8C6373EF9E5}.Release|Any CPU.Build.0 = Release|Any CPU
		{387EEA59-E3B3-4C75-8443-073EE73B9783}.Debug|Any CPU.ActiveCfg = Debug|Any CPU
		{387EEA59-E3B3-4C75-8443-073EE73B9783}.Debug|Any CPU.Build.0 = Debug|Any CPU
		{387EEA59-E3B3-4C75-8443-073EE73B9783}.Release|Any CPU.ActiveCfg = Release|Any CPU
		{387EEA59-E3B3-4C75-8443-073EE73B9783}.Release|Any CPU.Build.0 = Release|Any CPU
		{F9D4F65D-E8D5-4179-A144-EFA122E3A5FA}.Debug|Any CPU.ActiveCfg = Debug|Any CPU
		{F9D4F65D-E8D5-4179-A144-EFA122E3A5FA}.Debug|Any CPU.Build.0 = Debug|Any CPU
		{F9D4F65D-E8D5-4179-A144-EFA122E3A5FA}.Release|Any CPU.ActiveCfg = Release|Any CPU
		{F9D4F65D-E8D5-4179-A144-EFA122E3A5FA}.Release|Any CPU.Build.0 = Release|Any CPU
		{0F8C1123-2E48-4A06-B475-EEDD8CB4E101}.Debug|Any CPU.ActiveCfg = Debug|Any CPU
		{0F8C1123-2E48-4A06-B475-EEDD8CB4E101}.Debug|Any CPU.Build.0 = Debug|Any CPU
		{0F8C1123-2E48-4A06-B475-EEDD8CB4E101}.Release|Any CPU.ActiveCfg = Release|Any CPU
		{0F8C1123-2E48-4A06-B475-EEDD8CB4E101}.Release|Any CPU.Build.0 = Release|Any CPU
		{0A135F2E-EE0D-44B7-994C-E73EC2F8A398}.Debug|Any CPU.ActiveCfg = Debug|Any CPU
		{0A135F2E-EE0D-44B7-994C-E73EC2F8A398}.Debug|Any CPU.Build.0 = Debug|Any CPU
		{0A135F2E-EE0D-44B7-994C-E73EC2F8A398}.Release|Any CPU.ActiveCfg = Release|Any CPU
		{0A135F2E-EE0D-44B7-994C-E73EC2F8A398}.Release|Any CPU.Build.0 = Release|Any CPU
		{8759D8A1-D22E-46A9-94B6-6C0F86A07B3A}.Debug|Any CPU.ActiveCfg = Debug|Any CPU
		{8759D8A1-D22E-46A9-94B6-6C0F86A07B3A}.Debug|Any CPU.Build.0 = Debug|Any CPU
		{8759D8A1-D22E-46A9-94B6-6C0F86A07B3A}.Release|Any CPU.ActiveCfg = Release|Any CPU
		{8759D8A1-D22E-46A9-94B6-6C0F86A07B3A}.Release|Any CPU.Build.0 = Release|Any CPU
		{21B54E22-D922-42A2-B4C0-D15BC6A7D46C}.Debug|Any CPU.ActiveCfg = Debug|Any CPU
		{21B54E22-D922-42A2-B4C0-D15BC6A7D46C}.Debug|Any CPU.Build.0 = Debug|Any CPU
		{21B54E22-D922-42A2-B4C0-D15BC6A7D46C}.Release|Any CPU.ActiveCfg = Release|Any CPU
		{21B54E22-D922-42A2-B4C0-D15BC6A7D46C}.Release|Any CPU.Build.0 = Release|Any CPU
	EndGlobalSection
	GlobalSection(SolutionProperties) = preSolution
		HideSolutionNode = FALSE
	EndGlobalSection
	GlobalSection(ExtensibilityGlobals) = postSolution
		SolutionGuid = {5F37B893-4217-4123-A1CD-A8B9BEA32CCB}
	EndGlobalSection
EndGlobal
