
Microsoft Visual Studio Solution File, Format Version 12.00
# Visual Studio Version 17
VisualStudioVersion = 17.14.36202.13 d17.14
MinimumVisualStudioVersion = 10.0.40219.1
Project("{FAE04EC0-301F-11D3-BF4B-00C04F79EFBC}") = "MVVM", "MVVM\MVVM.csproj", "{27CE314C-B924-4688-BD44-02B955A2A804}"
EndProject
Global
	GlobalSection(SolutionConfigurationPlatforms) = preSolution
		Debug|Any CPU = Debug|Any CPU
		Release|Any CPU = Release|Any CPU
	EndGlobalSection
	GlobalSection(ProjectConfigurationPlatforms) = postSolution
		{27CE314C-B924-4688-BD44-02B955A2A804}.Debug|Any CPU.ActiveCfg = Debug|Any CPU
		{27CE314C-B924-4688-BD44-02B955A2A804}.Debug|Any CPU.Build.0 = Debug|Any CPU
		{27CE314C-B924-4688-BD44-02B955A2A804}.Release|Any CPU.ActiveCfg = Release|Any CPU
		{27CE314C-B924-4688-BD44-02B955A2A804}.Release|Any CPU.Build.0 = Release|Any CPU
	EndGlobalSection
	GlobalSection(SolutionProperties) = preSolution
		HideSolutionNode = FALSE
	EndGlobalSection
	GlobalSection(ExtensibilityGlobals) = postSolution
		SolutionGuid = {5F37B893-4217-4123-A1CD-A8B9BEA32CCB}
	EndGlobalSection
EndGlobal
